
Microsoft Visual Studio Solution File, Format Version 12.00
# Visual Studio Version 17
VisualStudioVersion = 17.3.32929.385
MinimumVisualStudioVersion = 10.0.40219.1
Project("{FAE04EC0-301F-11D3-BF4B-00C04F79EFBC}") = "Shuttle.Recall.OpenTelemetry", "Shuttle.Recall.OpenTelemetry\Shuttle.Recall.OpenTelemetry.csproj", "{02DEC043-AE94-410F-B5FE-B5E272DCBABE}"
EndProject
Project("{2150E333-8FDC-42A3-9474-1A3956D46DE8}") = "Solution Items", "Solution Items", "{6724EED1-8E91-4E32-AAD8-6931961A381C}"
	ProjectSection(SolutionItems) = preProject
		LICENSE = LICENSE
		README.md = README.md
	EndProjectSection
EndProject
Global
	GlobalSection(SolutionConfigurationPlatforms) = preSolution
		Debug|Any CPU = Debug|Any CPU
		Release|Any CPU = Release|Any CPU
	EndGlobalSection
	GlobalSection(ProjectConfigurationPlatforms) = postSolution
		{02DEC043-AE94-410F-B5FE-B5E272DCBABE}.Debug|Any CPU.ActiveCfg = Debug|Any CPU
		{02DEC043-AE94-410F-B5FE-B5E272DCBABE}.Debug|Any CPU.Build.0 = Debug|Any CPU
		{02DEC043-AE94-410F-B5FE-B5E272DCBABE}.Release|Any CPU.ActiveCfg = Release|Any CPU
		{02DEC043-AE94-410F-B5FE-B5E272DCBABE}.Release|Any CPU.Build.0 = Release|Any CPU
	EndGlobalSection
	GlobalSection(SolutionProperties) = preSolution
		HideSolutionNode = FALSE
	EndGlobalSection
	GlobalSection(ExtensibilityGlobals) = postSolution
		SolutionGuid = {6F6259B5-27BE-420B-9D55-89C23EBF296F}
	EndGlobalSection
EndGlobal
